
Microsoft Visual Studio Solution File, Format Version 12.00
# Visual Studio 14
VisualStudioVersion = 14.0.24720.0
MinimumVisualStudioVersion = 10.0.40219.1
Project("{FAE04EC0-301F-11D3-BF4B-00C04F79EFBC}") = "HsArtExtractor", "HsArtExtractor\HsArtExtractor.csproj", "{286713DE-2DD7-4399-808A-DBE1C53AD4C6}"
EndProject
Project("{FAE04EC0-301F-11D3-BF4B-00C04F79EFBC}") = "HsArtExtractorCLI", "HsArtExtractorCLI\HsArtExtractorCLI.csproj", "{1AE9B546-374E-404F-9DA1-7B2FB4CAB80C}"
EndProject
Project("{FAE04EC0-301F-11D3-BF4B-00C04F79EFBC}") = "HsArtExtractorTest", "HsArtExtractorTest\HsArtExtractorTest.csproj", "{6A920CD4-2C46-4CC6-AA27-36473F559B8B}"
EndProject
Project("{FAE04EC0-301F-11D3-BF4B-00C04F79EFBC}") = "DDSReader", "External\DDSReader\DDSReader.csproj", "{E8E2E010-DA59-4A99-8331-B986B84C0FD2}"
EndProject
Global
	GlobalSection(SolutionConfigurationPlatforms) = preSolution
		Debug|Any CPU = Debug|Any CPU
		Release|Any CPU = Release|Any CPU
	EndGlobalSection
	GlobalSection(ProjectConfigurationPlatforms) = postSolution
		{286713DE-2DD7-4399-808A-DBE1C53AD4C6}.Debug|Any CPU.ActiveCfg = Debug|Any CPU
		{286713DE-2DD7-4399-808A-DBE1C53AD4C6}.Debug|Any CPU.Build.0 = Debug|Any CPU
		{286713DE-2DD7-4399-808A-DBE1C53AD4C6}.Release|Any CPU.ActiveCfg = Release|Any CPU
		{286713DE-2DD7-4399-808A-DBE1C53AD4C6}.Release|Any CPU.Build.0 = Release|Any CPU
		{1AE9B546-374E-404F-9DA1-7B2FB4CAB80C}.Debug|Any CPU.ActiveCfg = Debug|Any CPU
		{1AE9B546-374E-404F-9DA1-7B2FB4CAB80C}.Debug|Any CPU.Build.0 = Debug|Any CPU
		{1AE9B546-374E-404F-9DA1-7B2FB4CAB80C}.Release|Any CPU.ActiveCfg = Release|Any CPU
		{1AE9B546-374E-404F-9DA1-7B2FB4CAB80C}.Release|Any CPU.Build.0 = Release|Any CPU
		{6A920CD4-2C46-4CC6-AA27-36473F559B8B}.Debug|Any CPU.ActiveCfg = Debug|Any CPU
		{6A920CD4-2C46-4CC6-AA27-36473F559B8B}.Debug|Any CPU.Build.0 = Debug|Any CPU
		{6A920CD4-2C46-4CC6-AA27-36473F559B8B}.Release|Any CPU.ActiveCfg = Release|Any CPU
		{6A920CD4-2C46-4CC6-AA27-36473F559B8B}.Release|Any CPU.Build.0 = Release|Any CPU
		{E8E2E010-DA59-4A99-8331-B986B84C0FD2}.Debug|Any CPU.ActiveCfg = Debug|Any CPU
		{E8E2E010-DA59-4A99-8331-B986B84C0FD2}.Debug|Any CPU.Build.0 = Debug|Any CPU
		{E8E2E010-DA59-4A99-8331-B986B84C0FD2}.Release|Any CPU.ActiveCfg = Release|Any CPU
		{E8E2E010-DA59-4A99-8331-B986B84C0FD2}.Release|Any CPU.Build.0 = Release|Any CPU
	EndGlobalSection
	GlobalSection(SolutionProperties) = preSolution
		HideSolutionNode = FALSE
	EndGlobalSection
EndGlobal
